
Microsoft Visual Studio Solution File, Format Version 12.00
# Visual Studio Version 17
VisualStudioVersion = 17.0.32112.339
MinimumVisualStudioVersion = 10.0.40219.1
Project("{FAE04EC0-301F-11D3-BF4B-00C04F79EFBC}") = "Provodnik", "Provodnik\Provodnik.csproj", "{FD5C8FD8-7F99-41A8-A3D1-01EC2E7CE334}"
EndProject
Global
	GlobalSection(SolutionConfigurationPlatforms) = preSolution
		Debug|Any CPU = Debug|Any CPU
		Release|Any CPU = Release|Any CPU
	EndGlobalSection
	GlobalSection(ProjectConfigurationPlatforms) = postSolution
		{FD5C8FD8-7F99-41A8-A3D1-01EC2E7CE334}.Debug|Any CPU.ActiveCfg = Debug|Any CPU
		{FD5C8FD8-7F99-41A8-A3D1-01EC2E7CE334}.Debug|Any CPU.Build.0 = Debug|Any CPU
		{FD5C8FD8-7F99-41A8-A3D1-01EC2E7CE334}.Release|Any CPU.ActiveCfg = Release|Any CPU
		{FD5C8FD8-7F99-41A8-A3D1-01EC2E7CE334}.Release|Any CPU.Build.0 = Release|Any CPU
	EndGlobalSection
	GlobalSection(SolutionProperties) = preSolution
		HideSolutionNode = FALSE
	EndGlobalSection
	GlobalSection(ExtensibilityGlobals) = postSolution
		SolutionGuid = {579737D4-EA6C-43F5-AFD0-BCA33468635E}
	EndGlobalSection
EndGlobal
